
Microsoft Visual Studio Solution File, Format Version 12.00
# Visual Studio Version 16
VisualStudioVersion = 16.0.30804.86
MinimumVisualStudioVersion = 10.0.40219.1
Project("{FAE04EC0-301F-11D3-BF4B-00C04F79EFBC}") = "KoronaBot", "KoronaBot\KoronaBot.csproj", "{15A7BE5E-A606-40FD-9203-0319B92897CD}"
EndProject
Global
	GlobalSection(SolutionConfigurationPlatforms) = preSolution
		Debug|Any CPU = Debug|Any CPU
		Release|Any CPU = Release|Any CPU
	EndGlobalSection
	GlobalSection(ProjectConfigurationPlatforms) = postSolution
		{15A7BE5E-A606-40FD-9203-0319B92897CD}.Debug|Any CPU.ActiveCfg = Debug|Any CPU
		{15A7BE5E-A606-40FD-9203-0319B92897CD}.Debug|Any CPU.Build.0 = Debug|Any CPU
		{15A7BE5E-A606-40FD-9203-0319B92897CD}.Release|Any CPU.ActiveCfg = Release|Any CPU
		{15A7BE5E-A606-40FD-9203-0319B92897CD}.Release|Any CPU.Build.0 = Release|Any CPU
	EndGlobalSection
	GlobalSection(SolutionProperties) = preSolution
		HideSolutionNode = FALSE
	EndGlobalSection
	GlobalSection(ExtensibilityGlobals) = postSolution
		SolutionGuid = {9425D5D2-94A6-4D9C-9F4A-EBE023DF3023}
	EndGlobalSection
EndGlobal
